
Microsoft Visual Studio Solution File, Format Version 12.00
# Visual Studio Version 16
VisualStudioVersion = 16.0.31112.23
MinimumVisualStudioVersion = 10.0.40219.1
Project("{9A19103F-16F7-4668-BE54-9A1E7A4F7556}") = "MyProject_Backend", "MyProject_Backend\MyProject_Backend.csproj", "{F38DA49F-E374-4483-9A9D-7C33A57AD7D0}"
EndProject
Project("{9A19103F-16F7-4668-BE54-9A1E7A4F7556}") = "ShareModel", "ShareModel\ShareModel.csproj", "{0DE47FC5-C919-456A-944C-A1ACC5BFFB38}"
EndProject
Project("{9A19103F-16F7-4668-BE54-9A1E7A4F7556}") = "CustomerSite", "CustomerSite\CustomerSite.csproj", "{C90D66CC-DAB8-4385-8C53-F8BDD6BE0A4A}"
EndProject
Project("{9A19103F-16F7-4668-BE54-9A1E7A4F7556}") = "Backend_Test", "Backend_Test\Backend_Test.csproj", "{F5F740CE-0CA9-4984-AC60-B2F16387349B}"
EndProject
Global
	GlobalSection(SolutionConfigurationPlatforms) = preSolution
		Debug|Any CPU = Debug|Any CPU
		Release|Any CPU = Release|Any CPU
	EndGlobalSection
	GlobalSection(ProjectConfigurationPlatforms) = postSolution
		{F38DA49F-E374-4483-9A9D-7C33A57AD7D0}.Debug|Any CPU.ActiveCfg = Debug|Any CPU
		{F38DA49F-E374-4483-9A9D-7C33A57AD7D0}.Debug|Any CPU.Build.0 = Debug|Any CPU
		{F38DA49F-E374-4483-9A9D-7C33A57AD7D0}.Release|Any CPU.ActiveCfg = Release|Any CPU
		{F38DA49F-E374-4483-9A9D-7C33A57AD7D0}.Release|Any CPU.Build.0 = Release|Any CPU
		{0DE47FC5-C919-456A-944C-A1ACC5BFFB38}.Debug|Any CPU.ActiveCfg = Debug|Any CPU
		{0DE47FC5-C919-456A-944C-A1ACC5BFFB38}.Debug|Any CPU.Build.0 = Debug|Any CPU
		{0DE47FC5-C919-456A-944C-A1ACC5BFFB38}.Release|Any CPU.ActiveCfg = Release|Any CPU
		{0DE47FC5-C919-456A-944C-A1ACC5BFFB38}.Release|Any CPU.Build.0 = Release|Any CPU
		{C90D66CC-DAB8-4385-8C53-F8BDD6BE0A4A}.Debug|Any CPU.ActiveCfg = Debug|Any CPU
		{C90D66CC-DAB8-4385-8C53-F8BDD6BE0A4A}.Debug|Any CPU.Build.0 = Debug|Any CPU
		{C90D66CC-DAB8-4385-8C53-F8BDD6BE0A4A}.Release|Any CPU.ActiveCfg = Release|Any CPU
		{C90D66CC-DAB8-4385-8C53-F8BDD6BE0A4A}.Release|Any CPU.Build.0 = Release|Any CPU
		{F5F740CE-0CA9-4984-AC60-B2F16387349B}.Debug|Any CPU.ActiveCfg = Debug|Any CPU
		{F5F740CE-0CA9-4984-AC60-B2F16387349B}.Debug|Any CPU.Build.0 = Debug|Any CPU
		{F5F740CE-0CA9-4984-AC60-B2F16387349B}.Release|Any CPU.ActiveCfg = Release|Any CPU
		{F5F740CE-0CA9-4984-AC60-B2F16387349B}.Release|Any CPU.Build.0 = Release|Any CPU
	EndGlobalSection
	GlobalSection(SolutionProperties) = preSolution
		HideSolutionNode = FALSE
	EndGlobalSection
	GlobalSection(ExtensibilityGlobals) = postSolution
		SolutionGuid = {0115E7D4-CC60-4D94-97B9-ACF0B75D7C31}
	EndGlobalSection
EndGlobal
